
Microsoft Visual Studio Solution File, Format Version 12.00
# Visual Studio Version 17
VisualStudioVersion = 17.9.34616.47
MinimumVisualStudioVersion = 10.0.40219.1
Project("{FAE04EC0-301F-11D3-BF4B-00C04F79EFBC}") = "WebAPIDiscussion", "WebAPIDiscussion.csproj", "{FE3CBBB4-AD8B-4EE1-8FF4-6BBA40746029}"
EndProject
Global
	GlobalSection(SolutionConfigurationPlatforms) = preSolution
		Debug|Any CPU = Debug|Any CPU
		Release|Any CPU = Release|Any CPU
	EndGlobalSection
	GlobalSection(ProjectConfigurationPlatforms) = postSolution
		{FE3CBBB4-AD8B-4EE1-8FF4-6BBA40746029}.Debug|Any CPU.ActiveCfg = Debug|Any CPU
		{FE3CBBB4-AD8B-4EE1-8FF4-6BBA40746029}.Debug|Any CPU.Build.0 = Debug|Any CPU
		{FE3CBBB4-AD8B-4EE1-8FF4-6BBA40746029}.Release|Any CPU.ActiveCfg = Release|Any CPU
		{FE3CBBB4-AD8B-4EE1-8FF4-6BBA40746029}.Release|Any CPU.Build.0 = Release|Any CPU
	EndGlobalSection
	GlobalSection(SolutionProperties) = preSolution
		HideSolutionNode = FALSE
	EndGlobalSection
	GlobalSection(ExtensibilityGlobals) = postSolution
		SolutionGuid = {6AF6467A-5548-4C46-B787-96079887AF56}
	EndGlobalSection
EndGlobal
